// !$*UTF8*$!
{
	archiveVersion = 1;
	classes = {
	};
	objectVersion = 50;
	objects = {

/* Begin PBXBuildFile section */
		450AD7BE222DD97F0074C713 /* customNav.swift in Sources */ = {isa = PBXBuildFile; fileRef = 450AD7BD222DD97F0074C713 /* customNav.swift */; };
		452068FC225EA38D00A16610 /* About.swift in Sources */ = {isa = PBXBuildFile; fileRef = 452068FB225EA38D00A16610 /* About.swift */; };
		452068FE225EA43200A16610 /* Ab.swift in Sources */ = {isa = PBXBuildFile; fileRef = 452068FD225EA43200A16610 /* Ab.swift */; };
		45206900225EA4A400A16610 /* AbCell.swift in Sources */ = {isa = PBXBuildFile; fileRef = 452068FF225EA4A400A16610 /* AbCell.swift */; };
		454A3151223F149800F965C0 /* Present.mp3 in Resources */ = {isa = PBXBuildFile; fileRef = 454A3150223F149700F965C0 /* Present.mp3 */; };
		454A3153223F149C00F965C0 /* Waterfall.mp3 in Resources */ = {isa = PBXBuildFile; fileRef = 454A3152223F149C00F965C0 /* Waterfall.mp3 */; };
		454A3155223F14A100F965C0 /* Aspen.mp3 in Resources */ = {isa = PBXBuildFile; fileRef = 454A3154223F14A100F965C0 /* Aspen.mp3 */; };
		454A3157223F14B900F965C0 /* Sense.mp3 in Resources */ = {isa = PBXBuildFile; fileRef = 454A3156223F14B900F965C0 /* Sense.mp3 */; };
		4554D82A2279165400597AA7 /* tA.swift in Sources */ = {isa = PBXBuildFile; fileRef = 4554D8292279165400597AA7 /* tA.swift */; };
		4554D82C2279166700597AA7 /* tB.swift in Sources */ = {isa = PBXBuildFile; fileRef = 4554D82B2279166700597AA7 /* tB.swift */; };
		4554D82E2279167800597AA7 /* tC.swift in Sources */ = {isa = PBXBuildFile; fileRef = 4554D82D2279167800597AA7 /* tC.swift */; };
		4554D8302279234A00597AA7 /* Instructions2.swift in Sources */ = {isa = PBXBuildFile; fileRef = 4554D82F2279234A00597AA7 /* Instructions2.swift */; };
		45587A9F2239B6EA00542D14 /* selectGame.swift in Sources */ = {isa = PBXBuildFile; fileRef = 45587A9E2239B6EA00542D14 /* selectGame.swift */; };
		456688AD2270E41400444B66 /* gameBoards.swift in Sources */ = {isa = PBXBuildFile; fileRef = 456688AC2270E41400444B66 /* gameBoards.swift */; };
		457A6062217ABBFE00F98F83 /* AppDelegate.swift in Sources */ = {isa = PBXBuildFile; fileRef = 457A6061217ABBFE00F98F83 /* AppDelegate.swift */; };
		457A6064217ABBFE00F98F83 /* ViewController.swift in Sources */ = {isa = PBXBuildFile; fileRef = 457A6063217ABBFE00F98F83 /* ViewController.swift */; };
		457A6067217ABBFE00F98F83 /* Main.storyboard in Resources */ = {isa = PBXBuildFile; fileRef = 457A6065217ABBFE00F98F83 /* Main.storyboard */; };
		457A6069217ABC0100F98F83 /* Assets.xcassets in Resources */ = {isa = PBXBuildFile; fileRef = 457A6068217ABC0100F98F83 /* Assets.xcassets */; };
		457A606C217ABC0100F98F83 /* LaunchScreen.storyboard in Resources */ = {isa = PBXBuildFile; fileRef = 457A606A217ABC0100F98F83 /* LaunchScreen.storyboard */; };
		45805BEB2181192500BDA9FD /* CircleViewController.swift in Sources */ = {isa = PBXBuildFile; fileRef = 45805BEA2181192500BDA9FD /* CircleViewController.swift */; };
		45805BED218119B600BDA9FD /* InstructionsViewController.swift in Sources */ = {isa = PBXBuildFile; fileRef = 45805BEC218119B600BDA9FD /* InstructionsViewController.swift */; };
		459346582242E6D7008A74A6 /* MedCell.swift in Sources */ = {isa = PBXBuildFile; fileRef = 459346572242E6D7008A74A6 /* MedCell.swift */; };
		4593465A2242E6E5008A74A6 /* Med.swift in Sources */ = {isa = PBXBuildFile; fileRef = 459346592242E6E5008A74A6 /* Med.swift */; };
		4593465C2242E6FB008A74A6 /* Meditation.swift in Sources */ = {isa = PBXBuildFile; fileRef = 4593465B2242E6FB008A74A6 /* Meditation.swift */; };
		459622E6225FDAE4009C0B1F /* MoreInformation.swift in Sources */ = {isa = PBXBuildFile; fileRef = 459622E5225FDAE4009C0B1F /* MoreInformation.swift */; };
		4596230A225FF0A1009C0B1F /* notesController.swift in Sources */ = {isa = PBXBuildFile; fileRef = 45962309225FF0A1009C0B1F /* notesController.swift */; };
		459BBF2022238511007AACD0 /* WhatToExpect.swift in Sources */ = {isa = PBXBuildFile; fileRef = 459BBF1F22238511007AACD0 /* WhatToExpect.swift */; };
		45A4946422246C2500CCF229 /* Dermatologist.swift in Sources */ = {isa = PBXBuildFile; fileRef = 45A4946322246C2500CCF229 /* Dermatologist.swift */; };
		45A494662224722900CCF229 /* EyeDoctor.swift in Sources */ = {isa = PBXBuildFile; fileRef = 45A494652224722900CCF229 /* EyeDoctor.swift */; };
		45A494682224739E00CCF229 /* Dentist.swift in Sources */ = {isa = PBXBuildFile; fileRef = 45A494672224739E00CCF229 /* Dentist.swift */; };
		45A79649222E525500D9EDF8 /* Pych.swift in Sources */ = {isa = PBXBuildFile; fileRef = 45A79648222E525500D9EDF8 /* Pych.swift */; };
		45A7964D222E560A00D9EDF8 /* DilatedEyeExam.swift in Sources */ = {isa = PBXBuildFile; fileRef = 45A7964C222E560A00D9EDF8 /* DilatedEyeExam.swift */; };
		45A7964F222E561E00D9EDF8 /* Biopsy.swift in Sources */ = {isa = PBXBuildFile; fileRef = 45A7964E222E561E00D9EDF8 /* Biopsy.swift */; };
		45A79651222E564E00D9EDF8 /* CavityFilling.swift in Sources */ = {isa = PBXBuildFile; fileRef = 45A79650222E564E00D9EDF8 /* CavityFilling.swift */; };
		45A79653222E566F00D9EDF8 /* RoutineEyeDoctor.swift in Sources */ = {isa = PBXBuildFile; fileRef = 45A79652222E566F00D9EDF8 /* RoutineEyeDoctor.swift */; };
		45A79655222E57B200D9EDF8 /* EyeDoctorGeneral.swift in Sources */ = {isa = PBXBuildFile; fileRef = 45A79654222E57B200D9EDF8 /* EyeDoctorGeneral.swift */; };
		45A79657222E581D00D9EDF8 /* cleaning.swift in Sources */ = {isa = PBXBuildFile; fileRef = 45A79656222E581D00D9EDF8 /* cleaning.swift */; };
		45A79659222E584E00D9EDF8 /* dermRoutine.swift in Sources */ = {isa = PBXBuildFile; fileRef = 45A79658222E584E00D9EDF8 /* dermRoutine.swift */; };
		45BAD35122612B730089AB7F /* DogSuduku.swift in Sources */ = {isa = PBXBuildFile; fileRef = 45BAD35022612B730089AB7F /* DogSuduku.swift */; };
		45C23DD322459BB100C77AC7 /* Water Is Wide.mp3 in Resources */ = {isa = PBXBuildFile; fileRef = 45C23DD222459BB000C77AC7 /* Water Is Wide.mp3 */; };
		45C23DD522459C7A00C77AC7 /* Lost Then Found.mp3 in Resources */ = {isa = PBXBuildFile; fileRef = 45C23DD422459C7A00C77AC7 /* Lost Then Found.mp3 */; };
		45C23DD722459C7F00C77AC7 /* The Old Church of Kilronan.mp3 in Resources */ = {isa = PBXBuildFile; fileRef = 45C23DD622459C7F00C77AC7 /* The Old Church of Kilronan.mp3 */; };
		45C23DD922459C8300C77AC7 /* Attersee.mp3 in Resources */ = {isa = PBXBuildFile; fileRef = 45C23DD822459C8300C77AC7 /* Attersee.mp3 */; };
		45C23DDB22459C8600C77AC7 /* When the Stars Come Out.mp3 in Resources */ = {isa = PBXBuildFile; fileRef = 45C23DDA22459C8600C77AC7 /* When the Stars Come Out.mp3 */; };
		45C23DDD22459C8A00C77AC7 /* The Road Home.mp3 in Resources */ = {isa = PBXBuildFile; fileRef = 45C23DDC22459C8A00C77AC7 /* The Road Home.mp3 */; };
		45C23DDF22459C8E00C77AC7 /* Venezia Bells at Dawn.mp3 in Resources */ = {isa = PBXBuildFile; fileRef = 45C23DDE22459C8E00C77AC7 /* Venezia Bells at Dawn.mp3 */; };
		45C23DE122459C9300C77AC7 /* Winter by the Fire.mp3 in Resources */ = {isa = PBXBuildFile; fileRef = 45C23DE022459C9300C77AC7 /* Winter by the Fire.mp3 */; };
		45C23DE322459C9700C77AC7 /* Farewell.mp3 in Resources */ = {isa = PBXBuildFile; fileRef = 45C23DE222459C9700C77AC7 /* Farewell.mp3 */; };
		45C23DE522459C9B00C77AC7 /* Wild Geese Above the Clouds.mp3 in Resources */ = {isa = PBXBuildFile; fileRef = 45C23DE422459C9A00C77AC7 /* Wild Geese Above the Clouds.mp3 */; };
		45C23DE722459C9F00C77AC7 /* Where Has the Love Gone.mp3 in Resources */ = {isa = PBXBuildFile; fileRef = 45C23DE622459C9F00C77AC7 /* Where Has the Love Gone.mp3 */; };
		45C23DE922459CA300C77AC7 /* Harp Guitar Dreams.mp3 in Resources */ = {isa = PBXBuildFile; fileRef = 45C23DE822459CA300C77AC7 /* Harp Guitar Dreams.mp3 */; };
		45C23DEB22459CA700C77AC7 /* Into the Quiet.mp3 in Resources */ = {isa = PBXBuildFile; fileRef = 45C23DEA22459CA700C77AC7 /* Into the Quiet.mp3 */; };
		45C2C6E4225B0C8F00F620C6 /* Ca.swift in Sources */ = {isa = PBXBuildFile; fileRef = 45C2C6E3225B0C8F00F620C6 /* Ca.swift */; };
		45C2C6E6225B0CCF00F620C6 /* Cb.swift in Sources */ = {isa = PBXBuildFile; fileRef = 45C2C6E5225B0CCF00F620C6 /* Cb.swift */; };
		45C2C6EA225B11CC00F620C6 /* Cc.swift in Sources */ = {isa = PBXBuildFile; fileRef = 45C2C6E9225B11CC00F620C6 /* Cc.swift */; };
		45C2C6EC225B12BB00F620C6 /* Ga.swift in Sources */ = {isa = PBXBuildFile; fileRef = 45C2C6EB225B12BB00F620C6 /* Ga.swift */; };
		45C2C6EE225B12C800F620C6 /* Gb.swift in Sources */ = {isa = PBXBuildFile; fileRef = 45C2C6ED225B12C800F620C6 /* Gb.swift */; };
		45C2C6F0225B12D500F620C6 /* Gc.swift in Sources */ = {isa = PBXBuildFile; fileRef = 45C2C6EF225B12D500F620C6 /* Gc.swift */; };
		45C2C6F2225B12E400F620C6 /* Coa.swift in Sources */ = {isa = PBXBuildFile; fileRef = 45C2C6F1225B12E400F620C6 /* Coa.swift */; };
		45C2C6F4225B12F000F620C6 /* Cob.swift in Sources */ = {isa = PBXBuildFile; fileRef = 45C2C6F3225B12F000F620C6 /* Cob.swift */; };
		45C2C6F6225B130300F620C6 /* Coc.swift in Sources */ = {isa = PBXBuildFile; fileRef = 45C2C6F5225B130300F620C6 /* Coc.swift */; };
		45C2C6F8225B174300F620C6 /* Conselor.swift in Sources */ = {isa = PBXBuildFile; fileRef = 45C2C6F7225B174300F620C6 /* Conselor.swift */; };
		45C2C6FA225B175200F620C6 /* SportsMedicine.swift in Sources */ = {isa = PBXBuildFile; fileRef = 45C2C6F9225B175200F620C6 /* SportsMedicine.swift */; };
		45C2C6FC225B177D00F620C6 /* GP.swift in Sources */ = {isa = PBXBuildFile; fileRef = 45C2C6FB225B177D00F620C6 /* GP.swift */; };
		45C2C6FE225B17E300F620C6 /* Colonoscopy.swift in Sources */ = {isa = PBXBuildFile; fileRef = 45C2C6FD225B17E300F620C6 /* Colonoscopy.swift */; };
/* End PBXBuildFile section */

/* Begin PBXFileReference section */
		450AD7BD222DD97F0074C713 /* customNav.swift */ = {isa = PBXFileReference; lastKnownFileType = sourcecode.swift; path = customNav.swift; sourceTree = "<group>"; };
		452068FB225EA38D00A16610 /* About.swift */ = {isa = PBXFileReference; lastKnownFileType = sourcecode.swift; path = About.swift; sourceTree = "<group>"; };
		452068FD225EA43200A16610 /* Ab.swift */ = {isa = PBXFileReference; lastKnownFileType = sourcecode.swift; path = Ab.swift; sourceTree = "<group>"; };
		452068FF225EA4A400A16610 /* AbCell.swift */ = {isa = PBXFileReference; lastKnownFileType = sourcecode.swift; path = AbCell.swift; sourceTree = "<group>"; };
		454A3150223F149700F965C0 /* Present.mp3 */ = {isa = PBXFileReference; lastKnownFileType = audio.mp3; path = Present.mp3; sourceTree = "<group>"; };
		454A3152223F149C00F965C0 /* Waterfall.mp3 */ = {isa = PBXFileReference; lastKnownFileType = audio.mp3; path = Waterfall.mp3; sourceTree = "<group>"; };
		454A3154223F14A100F965C0 /* Aspen.mp3 */ = {isa = PBXFileReference; lastKnownFileType = audio.mp3; path = Aspen.mp3; sourceTree = "<group>"; };
		454A3156223F14B900F965C0 /* Sense.mp3 */ = {isa = PBXFileReference; lastKnownFileType = audio.mp3; path = Sense.mp3; sourceTree = "<group>"; };
		4554D8292279165400597AA7 /* tA.swift */ = {isa = PBXFileReference; lastKnownFileType = sourcecode.swift; path = tA.swift; sourceTree = "<group>"; };
		4554D82B2279166700597AA7 /* tB.swift */ = {isa = PBXFileReference; lastKnownFileType = sourcecode.swift; path = tB.swift; sourceTree = "<group>"; };
		4554D82D2279167800597AA7 /* tC.swift */ = {isa = PBXFileReference; lastKnownFileType = sourcecode.swift; path = tC.swift; sourceTree = "<group>"; };
		4554D82F2279234A00597AA7 /* Instructions2.swift */ = {isa = PBXFileReference; lastKnownFileType = sourcecode.swift; path = Instructions2.swift; sourceTree = "<group>"; };
		45587A9E2239B6EA00542D14 /* selectGame.swift */ = {isa = PBXFileReference; lastKnownFileType = sourcecode.swift; path = selectGame.swift; sourceTree = "<group>"; };
		456688AC2270E41400444B66 /* gameBoards.swift */ = {isa = PBXFileReference; lastKnownFileType = sourcecode.swift; path = gameBoards.swift; sourceTree = "<group>"; };
		457A605E217ABBFE00F98F83 /* GamePortion.app */ = {isa = PBXFileReference; explicitFileType = wrapper.application; includeInIndex = 0; path = GamePortion.app; sourceTree = BUILT_PRODUCTS_DIR; };
		457A6061217ABBFE00F98F83 /* AppDelegate.swift */ = {isa = PBXFileReference; lastKnownFileType = sourcecode.swift; path = AppDelegate.swift; sourceTree = "<group>"; };
		457A6063217ABBFE00F98F83 /* ViewController.swift */ = {isa = PBXFileReference; lastKnownFileType = sourcecode.swift; path = ViewController.swift; sourceTree = "<group>"; };
		457A6066217ABBFE00F98F83 /* Base */ = {isa = PBXFileReference; lastKnownFileType = file.storyboard; name = Base; path = Base.lproj/Main.storyboard; sourceTree = "<group>"; };
		457A6068217ABC0100F98F83 /* Assets.xcassets */ = {isa = PBXFileReference; lastKnownFileType = folder.assetcatalog; path = Assets.xcassets; sourceTree = "<group>"; };
		457A606B217ABC0100F98F83 /* Base */ = {isa = PBXFileReference; lastKnownFileType = file.storyboard; name = Base; path = Base.lproj/LaunchScreen.storyboard; sourceTree = "<group>"; };
		457A606D217ABC0100F98F83 /* Info.plist */ = {isa = PBXFileReference; lastKnownFileType = text.plist.xml; path = Info.plist; sourceTree = "<group>"; };
		45805BEA2181192500BDA9FD /* CircleViewController.swift */ = {isa = PBXFileReference; lastKnownFileType = sourcecode.swift; path = CircleViewController.swift; sourceTree = "<group>"; };
		45805BEC218119B600BDA9FD /* InstructionsViewController.swift */ = {isa = PBXFileReference; lastKnownFileType = sourcecode.swift; path = InstructionsViewController.swift; sourceTree = "<group>"; };
		459346572242E6D7008A74A6 /* MedCell.swift */ = {isa = PBXFileReference; lastKnownFileType = sourcecode.swift; path = MedCell.swift; sourceTree = "<group>"; };
		459346592242E6E5008A74A6 /* Med.swift */ = {isa = PBXFileReference; lastKnownFileType = sourcecode.swift; path = Med.swift; sourceTree = "<group>"; };
		4593465B2242E6FB008A74A6 /* Meditation.swift */ = {isa = PBXFileReference; lastKnownFileType = sourcecode.swift; path = Meditation.swift; sourceTree = "<group>"; };
		459622E5225FDAE4009C0B1F /* MoreInformation.swift */ = {isa = PBXFileReference; lastKnownFileType = sourcecode.swift; path = MoreInformation.swift; sourceTree = "<group>"; };
		45962309225FF0A1009C0B1F /* notesController.swift */ = {isa = PBXFileReference; lastKnownFileType = sourcecode.swift; path = notesController.swift; sourceTree = "<group>"; };
		459BBF1F22238511007AACD0 /* WhatToExpect.swift */ = {isa = PBXFileReference; lastKnownFileType = sourcecode.swift; path = WhatToExpect.swift; sourceTree = "<group>"; };
		45A4946322246C2500CCF229 /* Dermatologist.swift */ = {isa = PBXFileReference; lastKnownFileType = sourcecode.swift; path = Dermatologist.swift; sourceTree = "<group>"; };
		45A494652224722900CCF229 /* EyeDoctor.swift */ = {isa = PBXFileReference; lastKnownFileType = sourcecode.swift; path = EyeDoctor.swift; sourceTree = "<group>"; };
		45A494672224739E00CCF229 /* Dentist.swift */ = {isa = PBXFileReference; lastKnownFileType = sourcecode.swift; path = Dentist.swift; sourceTree = "<group>"; };
		45A79648222E525500D9EDF8 /* Pych.swift */ = {isa = PBXFileReference; lastKnownFileType = sourcecode.swift; path = Pych.swift; sourceTree = "<group>"; };
		45A7964C222E560A00D9EDF8 /* DilatedEyeExam.swift */ = {isa = PBXFileReference; lastKnownFileType = sourcecode.swift; path = DilatedEyeExam.swift; sourceTree = "<group>"; };
		45A7964E222E561E00D9EDF8 /* Biopsy.swift */ = {isa = PBXFileReference; lastKnownFileType = sourcecode.swift; path = Biopsy.swift; sourceTree = "<group>"; };
		45A79650222E564E00D9EDF8 /* CavityFilling.swift */ = {isa = PBXFileReference; lastKnownFileType = sourcecode.swift; path = CavityFilling.swift; sourceTree = "<group>"; };
		45A79652222E566F00D9EDF8 /* RoutineEyeDoctor.swift */ = {isa = PBXFileReference; lastKnownFileType = sourcecode.swift; path = RoutineEyeDoctor.swift; sourceTree = "<group>"; };
		45A79654222E57B200D9EDF8 /* EyeDoctorGeneral.swift */ = {isa = PBXFileReference; lastKnownFileType = sourcecode.swift; path = EyeDoctorGeneral.swift; sourceTree = "<group>"; };
		45A79656222E581D00D9EDF8 /* cleaning.swift */ = {isa = PBXFileReference; lastKnownFileType = sourcecode.swift; path = cleaning.swift; sourceTree = "<group>"; };
		45A79658222E584E00D9EDF8 /* dermRoutine.swift */ = {isa = PBXFileReference; lastKnownFileType = sourcecode.swift; path = dermRoutine.swift; sourceTree = "<group>"; };
		45BAD35022612B730089AB7F /* DogSuduku.swift */ = {isa = PBXFileReference; lastKnownFileType = sourcecode.swift; path = DogSuduku.swift; sourceTree = "<group>"; };
		45C23DD222459BB000C77AC7 /* Water Is Wide.mp3 */ = {isa = PBXFileReference; lastKnownFileType = audio.mp3; path = "Water Is Wide.mp3"; sourceTree = "<group>"; };
		45C23DD422459C7A00C77AC7 /* Lost Then Found.mp3 */ = {isa = PBXFileReference; lastKnownFileType = audio.mp3; path = "Lost Then Found.mp3"; sourceTree = "<group>"; };
		45C23DD622459C7F00C77AC7 /* The Old Church of Kilronan.mp3 */ = {isa = PBXFileReference; lastKnownFileType = audio.mp3; path = "The Old Church of Kilronan.mp3"; sourceTree = "<group>"; };
		45C23DD822459C8300C77AC7 /* Attersee.mp3 */ = {isa = PBXFileReference; lastKnownFileType = audio.mp3; path = Attersee.mp3; sourceTree = "<group>"; };
		45C23DDA22459C8600C77AC7 /* When the Stars Come Out.mp3 */ = {isa = PBXFileReference; lastKnownFileType = audio.mp3; path = "When the Stars Come Out.mp3"; sourceTree = "<group>"; };
		45C23DDC22459C8A00C77AC7 /* The Road Home.mp3 */ = {isa = PBXFileReference; lastKnownFileType = audio.mp3; path = "The Road Home.mp3"; sourceTree = "<group>"; };
		45C23DDE22459C8E00C77AC7 /* Venezia Bells at Dawn.mp3 */ = {isa = PBXFileReference; lastKnownFileType = audio.mp3; path = "Venezia Bells at Dawn.mp3"; sourceTree = "<group>"; };
		45C23DE022459C9300C77AC7 /* Winter by the Fire.mp3 */ = {isa = PBXFileReference; lastKnownFileType = audio.mp3; path = "Winter by the Fire.mp3"; sourceTree = "<group>"; };
		45C23DE222459C9700C77AC7 /* Farewell.mp3 */ = {isa = PBXFileReference; lastKnownFileType = audio.mp3; path = Farewell.mp3; sourceTree = "<group>"; };
		45C23DE422459C9A00C77AC7 /* Wild Geese Above the Clouds.mp3 */ = {isa = PBXFileReference; lastKnownFileType = audio.mp3; path = "Wild Geese Above the Clouds.mp3"; sourceTree = "<group>"; };
		45C23DE622459C9F00C77AC7 /* Where Has the Love Gone.mp3 */ = {isa = PBXFileReference; lastKnownFileType = audio.mp3; path = "Where Has the Love Gone.mp3"; sourceTree = "<group>"; };
		45C23DE822459CA300C77AC7 /* Harp Guitar Dreams.mp3 */ = {isa = PBXFileReference; lastKnownFileType = audio.mp3; path = "Harp Guitar Dreams.mp3"; sourceTree = "<group>"; };
		45C23DEA22459CA700C77AC7 /* Into the Quiet.mp3 */ = {isa = PBXFileReference; lastKnownFileType = audio.mp3; path = "Into the Quiet.mp3"; sourceTree = "<group>"; };
		45C2C6E3225B0C8F00F620C6 /* Ca.swift */ = {isa = PBXFileReference; lastKnownFileType = sourcecode.swift; path = Ca.swift; sourceTree = "<group>"; };
		45C2C6E5225B0CCF00F620C6 /* Cb.swift */ = {isa = PBXFileReference; lastKnownFileType = sourcecode.swift; path = Cb.swift; sourceTree = "<group>"; };
		45C2C6E9225B11CC00F620C6 /* Cc.swift */ = {isa = PBXFileReference; lastKnownFileType = sourcecode.swift; name = Cc.swift; path = ../Cc.swift; sourceTree = "<group>"; };
		45C2C6EB225B12BB00F620C6 /* Ga.swift */ = {isa = PBXFileReference; lastKnownFileType = sourcecode.swift; path = Ga.swift; sourceTree = "<group>"; };
		45C2C6ED225B12C800F620C6 /* Gb.swift */ = {isa = PBXFileReference; lastKnownFileType = sourcecode.swift; path = Gb.swift; sourceTree = "<group>"; };
		45C2C6EF225B12D500F620C6 /* Gc.swift */ = {isa = PBXFileReference; lastKnownFileType = sourcecode.swift; path = Gc.swift; sourceTree = "<group>"; };
		45C2C6F1225B12E400F620C6 /* Coa.swift */ = {isa = PBXFileReference; lastKnownFileType = sourcecode.swift; path = Coa.swift; sourceTree = "<group>"; };
		45C2C6F3225B12F000F620C6 /* Cob.swift */ = {isa = PBXFileReference; lastKnownFileType = sourcecode.swift; path = Cob.swift; sourceTree = "<group>"; };
		45C2C6F5225B130300F620C6 /* Coc.swift */ = {isa = PBXFileReference; lastKnownFileType = sourcecode.swift; path = Coc.swift; sourceTree = "<group>"; };
		45C2C6F7225B174300F620C6 /* Conselor.swift */ = {isa = PBXFileReference; lastKnownFileType = sourcecode.swift; path = Conselor.swift; sourceTree = "<group>"; };
		45C2C6F9225B175200F620C6 /* SportsMedicine.swift */ = {isa = PBXFileReference; lastKnownFileType = sourcecode.swift; path = SportsMedicine.swift; sourceTree = "<group>"; };
		45C2C6FB225B177D00F620C6 /* GP.swift */ = {isa = PBXFileReference; lastKnownFileType = sourcecode.swift; path = GP.swift; sourceTree = "<group>"; };
		45C2C6FD225B17E300F620C6 /* Colonoscopy.swift */ = {isa = PBXFileReference; lastKnownFileType = sourcecode.swift; path = Colonoscopy.swift; sourceTree = "<group>"; };
/* End PBXFileReference section */

/* Begin PBXFrameworksBuildPhase section */
		457A605B217ABBFE00F98F83 /* Frameworks */ = {
			isa = PBXFrameworksBuildPhase;
			buildActionMask = 2147483647;
			files = (
			);
			runOnlyForDeploymentPostprocessing = 0;
		};
/* End PBXFrameworksBuildPhase section */

/* Begin PBXGroup section */
		45526F6A225D7524008B8975 /* New Group */ = {
			isa = PBXGroup;
			children = (
				452068FB225EA38D00A16610 /* About.swift */,
				452068FD225EA43200A16610 /* Ab.swift */,
				452068FF225EA4A400A16610 /* AbCell.swift */,
				459622E5225FDAE4009C0B1F /* MoreInformation.swift */,
			);
			path = "New Group";
			sourceTree = "<group>";
		};
		457788682232F87A0099524D /* Meditation */ = {
			isa = PBXGroup;
			children = (
				45C23DD222459BB000C77AC7 /* Water Is Wide.mp3 */,
				45C23DD422459C7A00C77AC7 /* Lost Then Found.mp3 */,
				45C23DD622459C7F00C77AC7 /* The Old Church of Kilronan.mp3 */,
				45C23DD822459C8300C77AC7 /* Attersee.mp3 */,
				45C23DDA22459C8600C77AC7 /* When the Stars Come Out.mp3 */,
				45C23DDC22459C8A00C77AC7 /* The Road Home.mp3 */,
				45C23DDE22459C8E00C77AC7 /* Venezia Bells at Dawn.mp3 */,
				45C23DE022459C9300C77AC7 /* Winter by the Fire.mp3 */,
				45C23DE422459C9A00C77AC7 /* Wild Geese Above the Clouds.mp3 */,
				45C23DE622459C9F00C77AC7 /* Where Has the Love Gone.mp3 */,
				45C23DE822459CA300C77AC7 /* Harp Guitar Dreams.mp3 */,
				45C23DEA22459CA700C77AC7 /* Into the Quiet.mp3 */,
				45C23DE222459C9700C77AC7 /* Farewell.mp3 */,
				454A3156223F14B900F965C0 /* Sense.mp3 */,
				454A3154223F14A100F965C0 /* Aspen.mp3 */,
				454A3152223F149C00F965C0 /* Waterfall.mp3 */,
				454A3150223F149700F965C0 /* Present.mp3 */,
			);
			path = Meditation;
			sourceTree = "<group>";
		};
		457A6055217ABBFE00F98F83 = {
			isa = PBXGroup;
			children = (
				457A6060217ABBFE00F98F83 /* GamePortion */,
				457A605F217ABBFE00F98F83 /* Products */,
			);
			sourceTree = "<group>";
		};
		457A605F217ABBFE00F98F83 /* Products */ = {
			isa = PBXGroup;
			children = (
				457A605E217ABBFE00F98F83 /* GamePortion.app */,
			);
			name = Products;
			sourceTree = "<group>";
		};
		457A6060217ABBFE00F98F83 /* GamePortion */ = {
			isa = PBXGroup;
			children = (
				457A6061217ABBFE00F98F83 /* AppDelegate.swift */,
				45526F6A225D7524008B8975 /* New Group */,
				459346562242E6BA008A74A6 /* MedController */,
				457788682232F87A0099524D /* Meditation */,
				457A6063217ABBFE00F98F83 /* ViewController.swift */,
				450AD7BD222DD97F0074C713 /* customNav.swift */,
				457A6065217ABBFE00F98F83 /* Main.storyboard */,
				45AF3BB222597FC400B4976D /* Information */,
				45AF3BB32259808E00B4976D /* Games */,
				45AF3BB42259813600B4976D /* Doctors */,
				459BBF1F22238511007AACD0 /* WhatToExpect.swift */,
				45962309225FF0A1009C0B1F /* notesController.swift */,
				457A6068217ABC0100F98F83 /* Assets.xcassets */,
				457A606A217ABC0100F98F83 /* LaunchScreen.storyboard */,
				457A606D217ABC0100F98F83 /* Info.plist */,
			);
			path = GamePortion;
			sourceTree = "<group>";
		};
		459346562242E6BA008A74A6 /* MedController */ = {
			isa = PBXGroup;
			children = (
				459346572242E6D7008A74A6 /* MedCell.swift */,
				459346592242E6E5008A74A6 /* Med.swift */,
				4593465B2242E6FB008A74A6 /* Meditation.swift */,
			);
			path = MedController;
			sourceTree = "<group>";
		};
		45AF3BB222597FC400B4976D /* Information */ = {
			isa = PBXGroup;
			children = (
				45A79658222E584E00D9EDF8 /* dermRoutine.swift */,
				45A79656222E581D00D9EDF8 /* cleaning.swift */,
				45A79652222E566F00D9EDF8 /* RoutineEyeDoctor.swift */,
				45A79650222E564E00D9EDF8 /* CavityFilling.swift */,
				45A7964C222E560A00D9EDF8 /* DilatedEyeExam.swift */,
				45A7964E222E561E00D9EDF8 /* Biopsy.swift */,
				45A79654222E57B200D9EDF8 /* EyeDoctorGeneral.swift */,
				45C2C6E3225B0C8F00F620C6 /* Ca.swift */,
				45C2C6E5225B0CCF00F620C6 /* Cb.swift */,
				45C2C6F1225B12E400F620C6 /* Coa.swift */,
				45C2C6F3225B12F000F620C6 /* Cob.swift */,
				45C2C6E9225B11CC00F620C6 /* Cc.swift */,
				45C2C6F5225B130300F620C6 /* Coc.swift */,
				45C2C6EB225B12BB00F620C6 /* Ga.swift */,
				45C2C6ED225B12C800F620C6 /* Gb.swift */,
				45C2C6EF225B12D500F620C6 /* Gc.swift */,
				4554D8292279165400597AA7 /* tA.swift */,
				4554D82B2279166700597AA7 /* tB.swift */,
				4554D82D2279167800597AA7 /* tC.swift */,
			);
			path = Information;
			sourceTree = "<group>";
		};
		45AF3BB32259808E00B4976D /* Games */ = {
			isa = PBXGroup;
			children = (
				45BAD35022612B730089AB7F /* DogSuduku.swift */,
				45587A9E2239B6EA00542D14 /* selectGame.swift */,
				456688AC2270E41400444B66 /* gameBoards.swift */,
				45805BEA2181192500BDA9FD /* CircleViewController.swift */,
				45805BEC218119B600BDA9FD /* InstructionsViewController.swift */,
				4554D82F2279234A00597AA7 /* Instructions2.swift */,
			);
			path = Games;
			sourceTree = "<group>";
		};
		45AF3BB42259813600B4976D /* Doctors */ = {
			isa = PBXGroup;
			children = (
				45A494652224722900CCF229 /* EyeDoctor.swift */,
				45A4946322246C2500CCF229 /* Dermatologist.swift */,
				45A494672224739E00CCF229 /* Dentist.swift */,
				45A79648222E525500D9EDF8 /* Pych.swift */,
				45C2C6F7225B174300F620C6 /* Conselor.swift */,
				45C2C6F9225B175200F620C6 /* SportsMedicine.swift */,
				45C2C6FB225B177D00F620C6 /* GP.swift */,
				45C2C6FD225B17E300F620C6 /* Colonoscopy.swift */,
			);
			path = Doctors;
			sourceTree = "<group>";
		};
/* End PBXGroup section */

/* Begin PBXNativeTarget section */
		457A605D217ABBFE00F98F83 /* GamePortion */ = {
			isa = PBXNativeTarget;
			buildConfigurationList = 457A6070217ABC0100F98F83 /* Build configuration list for PBXNativeTarget "GamePortion" */;
			buildPhases = (
				457A605A217ABBFE00F98F83 /* Sources */,
				457A605B217ABBFE00F98F83 /* Frameworks */,
				457A605C217ABBFE00F98F83 /* Resources */,
			);
			buildRules = (
			);
			dependencies = (
			);
			name = GamePortion;
			productName = GamePortion;
			productReference = 457A605E217ABBFE00F98F83 /* GamePortion.app */;
			productType = "com.apple.product-type.application";
		};
/* End PBXNativeTarget section */

/* Begin PBXProject section */
		457A6056217ABBFE00F98F83 /* Project object */ = {
			isa = PBXProject;
			attributes = {
				LastSwiftUpdateCheck = 0940;
				LastUpgradeCheck = 0940;
				ORGANIZATIONNAME = "Eric Keefe";
				TargetAttributes = {
					457A605D217ABBFE00F98F83 = {
						CreatedOnToolsVersion = 9.4.1;
					};
				};
			};
			buildConfigurationList = 457A6059217ABBFE00F98F83 /* Build configuration list for PBXProject "GamePortion" */;
			compatibilityVersion = "Xcode 9.3";
			developmentRegion = en;
			hasScannedForEncodings = 0;
			knownRegions = (
				en,
				Base,
			);
			mainGroup = 457A6055217ABBFE00F98F83;
			productRefGroup = 457A605F217ABBFE00F98F83 /* Products */;
			projectDirPath = "";
			projectRoot = "";
			targets = (
				457A605D217ABBFE00F98F83 /* GamePortion */,
			);
		};
/* End PBXProject section */

/* Begin PBXResourcesBuildPhase section */
		457A605C217ABBFE00F98F83 /* Resources */ = {
			isa = PBXResourcesBuildPhase;
			buildActionMask = 2147483647;
			files = (
				457A606C217ABC0100F98F83 /* LaunchScreen.storyboard in Resources */,
				45C23DDB22459C8600C77AC7 /* When the Stars Come Out.mp3 in Resources */,
				45C23DDF22459C8E00C77AC7 /* Venezia Bells at Dawn.mp3 in Resources */,
				45C23DD522459C7A00C77AC7 /* Lost Then Found.mp3 in Resources */,
				454A3157223F14B900F965C0 /* Sense.mp3 in Resources */,
				457A6069217ABC0100F98F83 /* Assets.xcassets in Resources */,
				454A3155223F14A100F965C0 /* Aspen.mp3 in Resources */,
				45C23DD922459C8300C77AC7 /* Attersee.mp3 in Resources */,
				454A3151223F149800F965C0 /* Present.mp3 in Resources */,
				45C23DDD22459C8A00C77AC7 /* The Road Home.mp3 in Resources */,
				45C23DE722459C9F00C77AC7 /* Where Has the Love Gone.mp3 in Resources */,
				45C23DE122459C9300C77AC7 /* Winter by the Fire.mp3 in Resources */,
				45C23DD722459C7F00C77AC7 /* The Old Church of Kilronan.mp3 in Resources */,
				45C23DE322459C9700C77AC7 /* Farewell.mp3 in Resources */,
				454A3153223F149C00F965C0 /* Waterfall.mp3 in Resources */,
				45C23DE522459C9B00C77AC7 /* Wild Geese Above the Clouds.mp3 in Resources */,
				457A6067217ABBFE00F98F83 /* Main.storyboard in Resources */,
				45C23DE922459CA300C77AC7 /* Harp Guitar Dreams.mp3 in Resources */,
				45C23DD322459BB100C77AC7 /* Water Is Wide.mp3 in Resources */,
				45C23DEB22459CA700C77AC7 /* Into the Quiet.mp3 in Resources */,
			);
			runOnlyForDeploymentPostprocessing = 0;
		};
/* End PBXResourcesBuildPhase section */

/* Begin PBXSourcesBuildPhase section */
		457A605A217ABBFE00F98F83 /* Sources */ = {
			isa = PBXSourcesBuildPhase;
			buildActionMask = 2147483647;
			files = (
				45A494662224722900CCF229 /* EyeDoctor.swift in Sources */,
				4593465C2242E6FB008A74A6 /* Meditation.swift in Sources */,
				45C2C6FC225B177D00F620C6 /* GP.swift in Sources */,
				4593465A2242E6E5008A74A6 /* Med.swift in Sources */,
				45A79649222E525500D9EDF8 /* Pych.swift in Sources */,
				45BAD35122612B730089AB7F /* DogSuduku.swift in Sources */,
				457A6064217ABBFE00F98F83 /* ViewController.swift in Sources */,
				457A6062217ABBFE00F98F83 /* AppDelegate.swift in Sources */,
				45587A9F2239B6EA00542D14 /* selectGame.swift in Sources */,
				452068FE225EA43200A16610 /* Ab.swift in Sources */,
				4596230A225FF0A1009C0B1F /* notesController.swift in Sources */,
				45C2C6E6225B0CCF00F620C6 /* Cb.swift in Sources */,
				459346582242E6D7008A74A6 /* MedCell.swift in Sources */,
				45C2C6E4225B0C8F00F620C6 /* Ca.swift in Sources */,
				45A79655222E57B200D9EDF8 /* EyeDoctorGeneral.swift in Sources */,
				45A79653222E566F00D9EDF8 /* RoutineEyeDoctor.swift in Sources */,
				456688AD2270E41400444B66 /* gameBoards.swift in Sources */,
				45A79651222E564E00D9EDF8 /* CavityFilling.swift in Sources */,
				45206900225EA4A400A16610 /* AbCell.swift in Sources */,
				45C2C6F8225B174300F620C6 /* Conselor.swift in Sources */,
				45A7964F222E561E00D9EDF8 /* Biopsy.swift in Sources */,
				45C2C6EC225B12BB00F620C6 /* Ga.swift in Sources */,
				45C2C6FA225B175200F620C6 /* SportsMedicine.swift in Sources */,
				45C2C6F4225B12F000F620C6 /* Cob.swift in Sources */,
				450AD7BE222DD97F0074C713 /* customNav.swift in Sources */,
				45C2C6FE225B17E300F620C6 /* Colonoscopy.swift in Sources */,
				45A79657222E581D00D9EDF8 /* cleaning.swift in Sources */,
				45A494682224739E00CCF229 /* Dentist.swift in Sources */,
				45C2C6EA225B11CC00F620C6 /* Cc.swift in Sources */,
				452068FC225EA38D00A16610 /* About.swift in Sources */,
				4554D82E2279167800597AA7 /* tC.swift in Sources */,
				45C2C6EE225B12C800F620C6 /* Gb.swift in Sources */,
				45A4946422246C2500CCF229 /* Dermatologist.swift in Sources */,
				45A79659222E584E00D9EDF8 /* dermRoutine.swift in Sources */,
				45A7964D222E560A00D9EDF8 /* DilatedEyeExam.swift in Sources */,
				4554D8302279234A00597AA7 /* Instructions2.swift in Sources */,
				4554D82A2279165400597AA7 /* tA.swift in Sources */,
				45C2C6F2225B12E400F620C6 /* Coa.swift in Sources */,
				45805BED218119B600BDA9FD /* InstructionsViewController.swift in Sources */,
				4554D82C2279166700597AA7 /* tB.swift in Sources */,
				45C2C6F6225B130300F620C6 /* Coc.swift in Sources */,
				45C2C6F0225B12D500F620C6 /* Gc.swift in Sources */,
				45805BEB2181192500BDA9FD /* CircleViewController.swift in Sources */,
				459BBF2022238511007AACD0 /* WhatToExpect.swift in Sources */,
				459622E6225FDAE4009C0B1F /* MoreInformation.swift in Sources */,
			);
			runOnlyForDeploymentPostprocessing = 0;
		};
/* End PBXSourcesBuildPhase section */

/* Begin PBXVariantGroup section */
		457A6065217ABBFE00F98F83 /* Main.storyboard */ = {
			isa = PBXVariantGroup;
			children = (
				457A6066217ABBFE00F98F83 /* Base */,
			);
			name = Main.storyboard;
			sourceTree = "<group>";
		};
		457A606A217ABC0100F98F83 /* LaunchScreen.storyboard */ = {
			isa = PBXVariantGroup;
			children = (
				457A606B217ABC0100F98F83 /* Base */,
			);
			name = LaunchScreen.storyboard;
			sourceTree = "<group>";
		};
/* End PBXVariantGroup section */

/* Begin XCBuildConfiguration section */
		457A606E217ABC0100F98F83 /* Debug */ = {
			isa = XCBuildConfiguration;
			buildSettings = {
				ALWAYS_SEARCH_USER_PATHS = NO;
				CLANG_ANALYZER_NONNULL = YES;
				CLANG_ANALYZER_NUMBER_OBJECT_CONVERSION = YES_AGGRESSIVE;
				CLANG_CXX_LANGUAGE_STANDARD = "gnu++14";
				CLANG_CXX_LIBRARY = "libc++";
				CLANG_ENABLE_MODULES = YES;
				CLANG_ENABLE_OBJC_ARC = YES;
				CLANG_ENABLE_OBJC_WEAK = YES;
				CLANG_WARN_BLOCK_CAPTURE_AUTORELEASING = YES;
				CLANG_WARN_BOOL_CONVERSION = YES;
				CLANG_WARN_COMMA = YES;
				CLANG_WARN_CONSTANT_CONVERSION = YES;
				CLANG_WARN_DEPRECATED_OBJC_IMPLEMENTATIONS = YES;
				CLANG_WARN_DIRECT_OBJC_ISA_USAGE = YES_ERROR;
				CLANG_WARN_DOCUMENTATION_COMMENTS = YES;
				CLANG_WARN_EMPTY_BODY = YES;
				CLANG_WARN_ENUM_CONVERSION = YES;
				CLANG_WARN_INFINITE_RECURSION = YES;
				CLANG_WARN_INT_CONVERSION = YES;
				CLANG_WARN_NON_LITERAL_NULL_CONVERSION = YES;
				CLANG_WARN_OBJC_IMPLICIT_RETAIN_SELF = YES;
				CLANG_WARN_OBJC_LITERAL_CONVERSION = YES;
				CLANG_WARN_OBJC_ROOT_CLASS = YES_ERROR;
				CLANG_WARN_RANGE_LOOP_ANALYSIS = YES;
				CLANG_WARN_STRICT_PROTOTYPES = YES;
				CLANG_WARN_SUSPICIOUS_MOVE = YES;
				CLANG_WARN_UNGUARDED_AVAILABILITY = YES_AGGRESSIVE;
				CLANG_WARN_UNREACHABLE_CODE = YES;
				CLANG_WARN__DUPLICATE_METHOD_MATCH = YES;
				CODE_SIGN_IDENTITY = "iPhone Developer";
				COPY_PHASE_STRIP = NO;
				DEBUG_INFORMATION_FORMAT = dwarf;
				ENABLE_STRICT_OBJC_MSGSEND = YES;
				ENABLE_TESTABILITY = YES;
				GCC_C_LANGUAGE_STANDARD = gnu11;
				GCC_DYNAMIC_NO_PIC = NO;
				GCC_NO_COMMON_BLOCKS = YES;
				GCC_OPTIMIZATION_LEVEL = 0;
				GCC_PREPROCESSOR_DEFINITIONS = (
					"DEBUG=1",
					"$(inherited)",
				);
				GCC_WARN_64_TO_32_BIT_CONVERSION = YES;
				GCC_WARN_ABOUT_RETURN_TYPE = YES_ERROR;
				GCC_WARN_UNDECLARED_SELECTOR = YES;
				GCC_WARN_UNINITIALIZED_AUTOS = YES_AGGRESSIVE;
				GCC_WARN_UNUSED_FUNCTION = YES;
				GCC_WARN_UNUSED_VARIABLE = YES;
				IPHONEOS_DEPLOYMENT_TARGET = 11.4;
				MTL_ENABLE_DEBUG_INFO = YES;
				ONLY_ACTIVE_ARCH = YES;
				SDKROOT = iphoneos;
				SWIFT_ACTIVE_COMPILATION_CONDITIONS = DEBUG;
				SWIFT_OPTIMIZATION_LEVEL = "-Onone";
			};
			name = Debug;
		};
		457A606F217ABC0100F98F83 /* Release */ = {
			isa = XCBuildConfiguration;
			buildSettings = {
				ALWAYS_SEARCH_USER_PATHS = NO;
				CLANG_ANALYZER_NONNULL = YES;
				CLANG_ANALYZER_NUMBER_OBJECT_CONVERSION = YES_AGGRESSIVE;
				CLANG_CXX_LANGUAGE_STANDARD = "gnu++14";
				CLANG_CXX_LIBRARY = "libc++";
				CLANG_ENABLE_MODULES = YES;
				CLANG_ENABLE_OBJC_ARC = YES;
				CLANG_ENABLE_OBJC_WEAK = YES;
				CLANG_WARN_BLOCK_CAPTURE_AUTORELEASING = YES;
				CLANG_WARN_BOOL_CONVERSION = YES;
				CLANG_WARN_COMMA = YES;
				CLANG_WARN_CONSTANT_CONVERSION = YES;
				CLANG_WARN_DEPRECATED_OBJC_IMPLEMENTATIONS = YES;
				CLANG_WARN_DIRECT_OBJC_ISA_USAGE = YES_ERROR;
				CLANG_WARN_DOCUMENTATION_COMMENTS = YES;
				CLANG_WARN_EMPTY_BODY = YES;
				CLANG_WARN_ENUM_CONVERSION = YES;
				CLANG_WARN_INFINITE_RECURSION = YES;
				CLANG_WARN_INT_CONVERSION = YES;
				CLANG_WARN_NON_LITERAL_NULL_CONVERSION = YES;
				CLANG_WARN_OBJC_IMPLICIT_RETAIN_SELF = YES;
				CLANG_WARN_OBJC_LITERAL_CONVERSION = YES;
				CLANG_WARN_OBJC_ROOT_CLASS = YES_ERROR;
				CLANG_WARN_RANGE_LOOP_ANALYSIS = YES;
				CLANG_WARN_STRICT_PROTOTYPES = YES;
				CLANG_WARN_SUSPICIOUS_MOVE = YES;
				CLANG_WARN_UNGUARDED_AVAILABILITY = YES_AGGRESSIVE;
				CLANG_WARN_UNREACHABLE_CODE = YES;
				CLANG_WARN__DUPLICATE_METHOD_MATCH = YES;
				CODE_SIGN_IDENTITY = "iPhone Developer";
				COPY_PHASE_STRIP = NO;
				DEBUG_INFORMATION_FORMAT = "dwarf-with-dsym";
				ENABLE_NS_ASSERTIONS = NO;
				ENABLE_STRICT_OBJC_MSGSEND = YES;
				GCC_C_LANGUAGE_STANDARD = gnu11;
				GCC_NO_COMMON_BLOCKS = YES;
				GCC_WARN_64_TO_32_BIT_CONVERSION = YES;
				GCC_WARN_ABOUT_RETURN_TYPE = YES_ERROR;
				GCC_WARN_UNDECLARED_SELECTOR = YES;
				GCC_WARN_UNINITIALIZED_AUTOS = YES_AGGRESSIVE;
				GCC_WARN_UNUSED_FUNCTION = YES;
				GCC_WARN_UNUSED_VARIABLE = YES;
				IPHONEOS_DEPLOYMENT_TARGET = 11.4;
				MTL_ENABLE_DEBUG_INFO = NO;
				SDKROOT = iphoneos;
				SWIFT_COMPILATION_MODE = wholemodule;
				SWIFT_OPTIMIZATION_LEVEL = "-O";
				VALIDATE_PRODUCT = YES;
			};
			name = Release;
		};
		457A6071217ABC0100F98F83 /* Debug */ = {
			isa = XCBuildConfiguration;
			buildSettings = {
				ASSETCATALOG_COMPILER_APPICON_NAME = AppIcon;
				CODE_SIGN_IDENTITY = "iPhone Developer";
				CODE_SIGN_STYLE = Automatic;
				DEVELOPMENT_TEAM = ZNV67NQPQG;
				INFOPLIST_FILE = GamePortion/Info.plist;
				IPHONEOS_DEPLOYMENT_TARGET = 11.4;
				LD_RUNPATH_SEARCH_PATHS = (
					"$(inherited)",
					"@executable_path/Frameworks",
				);
				PRODUCT_BUNDLE_IDENTIFIER = eric.keefe.GamePortion;
				PRODUCT_NAME = "$(TARGET_NAME)";
				PROVISIONING_PROFILE_SPECIFIER = "";
				SWIFT_VERSION = 4.0;
				TARGETED_DEVICE_FAMILY = "1,2";
			};
			name = Debug;
		};
		457A6072217ABC0100F98F83 /* Release */ = {
			isa = XCBuildConfiguration;
			buildSettings = {
				ASSETCATALOG_COMPILER_APPICON_NAME = AppIcon;
				CODE_SIGN_IDENTITY = "iPhone Developer";
				CODE_SIGN_STYLE = Automatic;
				DEVELOPMENT_TEAM = ZNV67NQPQG;
				INFOPLIST_FILE = GamePortion/Info.plist;
				IPHONEOS_DEPLOYMENT_TARGET = 11.4;
				LD_RUNPATH_SEARCH_PATHS = (
					"$(inherited)",
					"@executable_path/Frameworks",
				);
				PRODUCT_BUNDLE_IDENTIFIER = eric.keefe.GamePortion;
				PRODUCT_NAME = "$(TARGET_NAME)";
				PROVISIONING_PROFILE_SPECIFIER = "";
				SWIFT_VERSION = 4.0;
				TARGETED_DEVICE_FAMILY = "1,2";
			};
			name = Release;
		};
/* End XCBuildConfiguration section */

/* Begin XCConfigurationList section */
		457A6059217ABBFE00F98F83 /* Build configuration list for PBXProject "GamePortion" */ = {
			isa = XCConfigurationList;
			buildConfigurations = (
				457A606E217ABC0100F98F83 /* Debug */,
				457A606F217ABC0100F98F83 /* Release */,
			);
			defaultConfigurationIsVisible = 0;
			defaultConfigurationName = Release;
		};
		457A6070217ABC0100F98F83 /* Build configuration list for PBXNativeTarget "GamePortion" */ = {
			isa = XCConfigurationList;
			buildConfigurations = (
				457A6071217ABC0100F98F83 /* Debug */,
				457A6072217ABC0100F98F83 /* Release */,
			);
			defaultConfigurationIsVisible = 0;
			defaultConfigurationName = Release;
		};
/* End XCConfigurationList section */
	};
	rootObject = 457A6056217ABBFE00F98F83 /* Project object */;
}
